{
  "name": "@vellacognitive/vella-sdk",
  "version": "2.1.0",
  "lockfileVersion": 3,
  "requires": true,
  "packages": {
    "": {
      "name": "@vellacognitive/vella-sdk",
      "version": "2.1.0",
      "license": "MIT",
      "bin": {
        "vella-verify-v3": "pqc/verify-cli.mjs"
      },
      "devDependencies": {},
      "engines": {
        "node": ">=18"
      }
    }
  }
}
